
Microsoft Visual Studio Solution File, Format Version 12.00
# Visual Studio 14
VisualStudioVersion = 14.0.25123.0
MinimumVisualStudioVersion = 10.0.40219.1
Project("{FAE04EC0-301F-11D3-BF4B-00C04F79EFBC}") = "XamarinForm.Droid", "XamarinForm\XamarinForm.Droid\XamarinForm.Droid.csproj", "{C0AC330A-A87F-483A-9B64-7B32815EA0FC}"
EndProject
Project("{FAE04EC0-301F-11D3-BF4B-00C04F79EFBC}") = "XamarinForm.iOS", "XamarinForm\XamarinForm.iOS\XamarinForm.iOS.csproj", "{A9065680-DAF2-4DB3-96B6-2FFE9CA197CF}"
EndProject
Project("{FAE04EC0-301F-11D3-BF4B-00C04F79EFBC}") = "XamarinForm", "XamarinForm\XamarinForm\XamarinForm.csproj", "{F2753A74-9319-4EFA-829C-E1C39FC12F6E}"
EndProject
Project("{FAE04EC0-301F-11D3-BF4B-00C04F79EFBC}") = "SerializeXml", "SerializeXml\SerializeXml.csproj", "{41636C7A-C212-4D14-BA7E-AE36C0A2301D}"
EndProject
Project("{FAE04EC0-301F-11D3-BF4B-00C04F79EFBC}") = "ClassLibraryForms", "ClassLibraryForms\ClassLibraryForms.csproj", "{67F9D3A8-F71E-4428-913F-C37AE82CDB24}"
EndProject
Global
	GlobalSection(SolutionConfigurationPlatforms) = preSolution
		Ad-Hoc|Any CPU = Ad-Hoc|Any CPU
		Ad-Hoc|iPhone = Ad-Hoc|iPhone
		Ad-Hoc|iPhoneSimulator = Ad-Hoc|iPhoneSimulator
		AppStore|Any CPU = AppStore|Any CPU
		AppStore|iPhone = AppStore|iPhone
		AppStore|iPhoneSimulator = AppStore|iPhoneSimulator
		Debug|Any CPU = Debug|Any CPU
		Debug|iPhone = Debug|iPhone
		Debug|iPhoneSimulator = Debug|iPhoneSimulator
		Release|Any CPU = Release|Any CPU
		Release|iPhone = Release|iPhone
		Release|iPhoneSimulator = Release|iPhoneSimulator
	EndGlobalSection
	GlobalSection(ProjectConfigurationPlatforms) = postSolution
		{C0AC330A-A87F-483A-9B64-7B32815EA0FC}.Ad-Hoc|Any CPU.ActiveCfg = Release|Any CPU
		{C0AC330A-A87F-483A-9B64-7B32815EA0FC}.Ad-Hoc|Any CPU.Build.0 = Release|Any CPU
		{C0AC330A-A87F-483A-9B64-7B32815EA0FC}.Ad-Hoc|Any CPU.Deploy.0 = Release|Any CPU
		{C0AC330A-A87F-483A-9B64-7B32815EA0FC}.Ad-Hoc|iPhone.ActiveCfg = Release|Any CPU
		{C0AC330A-A87F-483A-9B64-7B32815EA0FC}.Ad-Hoc|iPhone.Build.0 = Release|Any CPU
		{C0AC330A-A87F-483A-9B64-7B32815EA0FC}.Ad-Hoc|iPhone.Deploy.0 = Release|Any CPU
		{C0AC330A-A87F-483A-9B64-7B32815EA0FC}.Ad-Hoc|iPhoneSimulator.ActiveCfg = Release|Any CPU
		{C0AC330A-A87F-483A-9B64-7B32815EA0FC}.Ad-Hoc|iPhoneSimulator.Build.0 = Release|Any CPU
		{C0AC330A-A87F-483A-9B64-7B32815EA0FC}.Ad-Hoc|iPhoneSimulator.Deploy.0 = Release|Any CPU
		{C0AC330A-A87F-483A-9B64-7B32815EA0FC}.AppStore|Any CPU.ActiveCfg = Release|Any CPU
		{C0AC330A-A87F-483A-9B64-7B32815EA0FC}.AppStore|Any CPU.Build.0 = Release|Any CPU
		{C0AC330A-A87F-483A-9B64-7B32815EA0FC}.AppStore|Any CPU.Deploy.0 = Release|Any CPU
		{C0AC330A-A87F-483A-9B64-7B32815EA0FC}.AppStore|iPhone.ActiveCfg = Release|Any CPU
		{C0AC330A-A87F-483A-9B64-7B32815EA0FC}.AppStore|iPhone.Build.0 = Release|Any CPU
		{C0AC330A-A87F-483A-9B64-7B32815EA0FC}.AppStore|iPhone.Deploy.0 = Release|Any CPU
		{C0AC330A-A87F-483A-9B64-7B32815EA0FC}.AppStore|iPhoneSimulator.ActiveCfg = Release|Any CPU
		{C0AC330A-A87F-483A-9B64-7B32815EA0FC}.AppStore|iPhoneSimulator.Build.0 = Release|Any CPU
		{C0AC330A-A87F-483A-9B64-7B32815EA0FC}.AppStore|iPhoneSimulator.Deploy.0 = Release|Any CPU
		{C0AC330A-A87F-483A-9B64-7B32815EA0FC}.Debug|Any CPU.ActiveCfg = Debug|Any CPU
		{C0AC330A-A87F-483A-9B64-7B32815EA0FC}.Debug|Any CPU.Build.0 = Debug|Any CPU
		{C0AC330A-A87F-483A-9B64-7B32815EA0FC}.Debug|Any CPU.Deploy.0 = Debug|Any CPU
		{C0AC330A-A87F-483A-9B64-7B32815EA0FC}.Debug|iPhone.ActiveCfg = Debug|Any CPU
		{C0AC330A-A87F-483A-9B64-7B32815EA0FC}.Debug|iPhone.Build.0 = Debug|Any CPU
		{C0AC330A-A87F-483A-9B64-7B32815EA0FC}.Debug|iPhone.Deploy.0 = Debug|Any CPU
		{C0AC330A-A87F-483A-9B64-7B32815EA0FC}.Debug|iPhoneSimulator.ActiveCfg = Debug|Any CPU
		{C0AC330A-A87F-483A-9B64-7B32815EA0FC}.Debug|iPhoneSimulator.Build.0 = Debug|Any CPU
		{C0AC330A-A87F-483A-9B64-7B32815EA0FC}.Debug|iPhoneSimulator.Deploy.0 = Debug|Any CPU
		{C0AC330A-A87F-483A-9B64-7B32815EA0FC}.Release|Any CPU.ActiveCfg = Release|Any CPU
		{C0AC330A-A87F-483A-9B64-7B32815EA0FC}.Release|Any CPU.Build.0 = Release|Any CPU
		{C0AC330A-A87F-483A-9B64-7B32815EA0FC}.Release|Any CPU.Deploy.0 = Release|Any CPU
		{C0AC330A-A87F-483A-9B64-7B32815EA0FC}.Release|iPhone.ActiveCfg = Release|Any CPU
		{C0AC330A-A87F-483A-9B64-7B32815EA0FC}.Release|iPhone.Build.0 = Release|Any CPU
		{C0AC330A-A87F-483A-9B64-7B32815EA0FC}.Release|iPhone.Deploy.0 = Release|Any CPU
		{C0AC330A-A87F-483A-9B64-7B32815EA0FC}.Release|iPhoneSimulator.ActiveCfg = Release|Any CPU
		{C0AC330A-A87F-483A-9B64-7B32815EA0FC}.Release|iPhoneSimulator.Build.0 = Release|Any CPU
		{C0AC330A-A87F-483A-9B64-7B32815EA0FC}.Release|iPhoneSimulator.Deploy.0 = Release|Any CPU
		{A9065680-DAF2-4DB3-96B6-2FFE9CA197CF}.Ad-Hoc|Any CPU.ActiveCfg = Ad-Hoc|iPhone
		{A9065680-DAF2-4DB3-96B6-2FFE9CA197CF}.Ad-Hoc|iPhone.ActiveCfg = Ad-Hoc|iPhone
		{A9065680-DAF2-4DB3-96B6-2FFE9CA197CF}.Ad-Hoc|iPhone.Build.0 = Ad-Hoc|iPhone
		{A9065680-DAF2-4DB3-96B6-2FFE9CA197CF}.Ad-Hoc|iPhoneSimulator.ActiveCfg = Ad-Hoc|iPhoneSimulator
		{A9065680-DAF2-4DB3-96B6-2FFE9CA197CF}.Ad-Hoc|iPhoneSimulator.Build.0 = Ad-Hoc|iPhoneSimulator
		{A9065680-DAF2-4DB3-96B6-2FFE9CA197CF}.AppStore|Any CPU.ActiveCfg = AppStore|iPhone
		{A9065680-DAF2-4DB3-96B6-2FFE9CA197CF}.AppStore|iPhone.ActiveCfg = AppStore|iPhone
		{A9065680-DAF2-4DB3-96B6-2FFE9CA197CF}.AppStore|iPhone.Build.0 = AppStore|iPhone
		{A9065680-DAF2-4DB3-96B6-2FFE9CA197CF}.AppStore|iPhoneSimulator.ActiveCfg = AppStore|iPhoneSimulator
		{A9065680-DAF2-4DB3-96B6-2FFE9CA197CF}.AppStore|iPhoneSimulator.Build.0 = AppStore|iPhoneSimulator
		{A9065680-DAF2-4DB3-96B6-2FFE9CA197CF}.Debug|Any CPU.ActiveCfg = Debug|iPhone
		{A9065680-DAF2-4DB3-96B6-2FFE9CA197CF}.Debug|iPhone.ActiveCfg = Debug|iPhone
		{A9065680-DAF2-4DB3-96B6-2FFE9CA197CF}.Debug|iPhone.Build.0 = Debug|iPhone
		{A9065680-DAF2-4DB3-96B6-2FFE9CA197CF}.Debug|iPhoneSimulator.ActiveCfg = Debug|iPhoneSimulator
		{A9065680-DAF2-4DB3-96B6-2FFE9CA197CF}.Debug|iPhoneSimulator.Build.0 = Debug|iPhoneSimulator
		{A9065680-DAF2-4DB3-96B6-2FFE9CA197CF}.Release|Any CPU.ActiveCfg = Release|iPhone
		{A9065680-DAF2-4DB3-96B6-2FFE9CA197CF}.Release|iPhone.ActiveCfg = Release|iPhone
		{A9065680-DAF2-4DB3-96B6-2FFE9CA197CF}.Release|iPhone.Build.0 = Release|iPhone
		{A9065680-DAF2-4DB3-96B6-2FFE9CA197CF}.Release|iPhoneSimulator.ActiveCfg = Release|iPhoneSimulator
		{A9065680-DAF2-4DB3-96B6-2FFE9CA197CF}.Release|iPhoneSimulator.Build.0 = Release|iPhoneSimulator
		{F2753A74-9319-4EFA-829C-E1C39FC12F6E}.Ad-Hoc|Any CPU.ActiveCfg = Release|Any CPU
		{F2753A74-9319-4EFA-829C-E1C39FC12F6E}.Ad-Hoc|Any CPU.Build.0 = Release|Any CPU
		{F2753A74-9319-4EFA-829C-E1C39FC12F6E}.Ad-Hoc|iPhone.ActiveCfg = Release|Any CPU
		{F2753A74-9319-4EFA-829C-E1C39FC12F6E}.Ad-Hoc|iPhone.Build.0 = Release|Any CPU
		{F2753A74-9319-4EFA-829C-E1C39FC12F6E}.Ad-Hoc|iPhoneSimulator.ActiveCfg = Release|Any CPU
		{F2753A74-9319-4EFA-829C-E1C39FC12F6E}.Ad-Hoc|iPhoneSimulator.Build.0 = Release|Any CPU
		{F2753A74-9319-4EFA-829C-E1C39FC12F6E}.AppStore|Any CPU.ActiveCfg = Release|Any CPU
		{F2753A74-9319-4EFA-829C-E1C39FC12F6E}.AppStore|Any CPU.Build.0 = Release|Any CPU
		{F2753A74-9319-4EFA-829C-E1C39FC12F6E}.AppStore|iPhone.ActiveCfg = Release|Any CPU
		{F2753A74-9319-4EFA-829C-E1C39FC12F6E}.AppStore|iPhone.Build.0 = Release|Any CPU
		{F2753A74-9319-4EFA-829C-E1C39FC12F6E}.AppStore|iPhoneSimulator.ActiveCfg = Release|Any CPU
		{F2753A74-9319-4EFA-829C-E1C39FC12F6E}.AppStore|iPhoneSimulator.Build.0 = Release|Any CPU
		{F2753A74-9319-4EFA-829C-E1C39FC12F6E}.Debug|Any CPU.ActiveCfg = Debug|Any CPU
		{F2753A74-9319-4EFA-829C-E1C39FC12F6E}.Debug|Any CPU.Build.0 = Debug|Any CPU
		{F2753A74-9319-4EFA-829C-E1C39FC12F6E}.Debug|iPhone.ActiveCfg = Debug|Any CPU
		{F2753A74-9319-4EFA-829C-E1C39FC12F6E}.Debug|iPhone.Build.0 = Debug|Any CPU
		{F2753A74-9319-4EFA-829C-E1C39FC12F6E}.Debug|iPhoneSimulator.ActiveCfg = Debug|Any CPU
		{F2753A74-9319-4EFA-829C-E1C39FC12F6E}.Debug|iPhoneSimulator.Build.0 = Debug|Any CPU
		{F2753A74-9319-4EFA-829C-E1C39FC12F6E}.Release|Any CPU.ActiveCfg = Release|Any CPU
		{F2753A74-9319-4EFA-829C-E1C39FC12F6E}.Release|Any CPU.Build.0 = Release|Any CPU
		{F2753A74-9319-4EFA-829C-E1C39FC12F6E}.Release|iPhone.ActiveCfg = Release|Any CPU
		{F2753A74-9319-4EFA-829C-E1C39FC12F6E}.Release|iPhone.Build.0 = Release|Any CPU
		{F2753A74-9319-4EFA-829C-E1C39FC12F6E}.Release|iPhoneSimulator.ActiveCfg = Release|Any CPU
		{F2753A74-9319-4EFA-829C-E1C39FC12F6E}.Release|iPhoneSimulator.Build.0 = Release|Any CPU
		{41636C7A-C212-4D14-BA7E-AE36C0A2301D}.Ad-Hoc|Any CPU.ActiveCfg = Release|Any CPU
		{41636C7A-C212-4D14-BA7E-AE36C0A2301D}.Ad-Hoc|Any CPU.Build.0 = Release|Any CPU
		{41636C7A-C212-4D14-BA7E-AE36C0A2301D}.Ad-Hoc|iPhone.ActiveCfg = Release|Any CPU
		{41636C7A-C212-4D14-BA7E-AE36C0A2301D}.Ad-Hoc|iPhone.Build.0 = Release|Any CPU
		{41636C7A-C212-4D14-BA7E-AE36C0A2301D}.Ad-Hoc|iPhoneSimulator.ActiveCfg = Release|Any CPU
		{41636C7A-C212-4D14-BA7E-AE36C0A2301D}.Ad-Hoc|iPhoneSimulator.Build.0 = Release|Any CPU
		{41636C7A-C212-4D14-BA7E-AE36C0A2301D}.AppStore|Any CPU.ActiveCfg = Release|Any CPU
		{41636C7A-C212-4D14-BA7E-AE36C0A2301D}.AppStore|Any CPU.Build.0 = Release|Any CPU
		{41636C7A-C212-4D14-BA7E-AE36C0A2301D}.AppStore|iPhone.ActiveCfg = Release|Any CPU
		{41636C7A-C212-4D14-BA7E-AE36C0A2301D}.AppStore|iPhone.Build.0 = Release|Any CPU
		{41636C7A-C212-4D14-BA7E-AE36C0A2301D}.AppStore|iPhoneSimulator.ActiveCfg = Release|Any CPU
		{41636C7A-C212-4D14-BA7E-AE36C0A2301D}.AppStore|iPhoneSimulator.Build.0 = Release|Any CPU
		{41636C7A-C212-4D14-BA7E-AE36C0A2301D}.Debug|Any CPU.ActiveCfg = Debug|Any CPU
		{41636C7A-C212-4D14-BA7E-AE36C0A2301D}.Debug|Any CPU.Build.0 = Debug|Any CPU
		{41636C7A-C212-4D14-BA7E-AE36C0A2301D}.Debug|iPhone.ActiveCfg = Debug|Any CPU
		{41636C7A-C212-4D14-BA7E-AE36C0A2301D}.Debug|iPhone.Build.0 = Debug|Any CPU
		{41636C7A-C212-4D14-BA7E-AE36C0A2301D}.Debug|iPhoneSimulator.ActiveCfg = Debug|Any CPU
		{41636C7A-C212-4D14-BA7E-AE36C0A2301D}.Debug|iPhoneSimulator.Build.0 = Debug|Any CPU
		{41636C7A-C212-4D14-BA7E-AE36C0A2301D}.Release|Any CPU.ActiveCfg = Release|Any CPU
		{41636C7A-C212-4D14-BA7E-AE36C0A2301D}.Release|Any CPU.Build.0 = Release|Any CPU
		{41636C7A-C212-4D14-BA7E-AE36C0A2301D}.Release|iPhone.ActiveCfg = Release|Any CPU
		{41636C7A-C212-4D14-BA7E-AE36C0A2301D}.Release|iPhone.Build.0 = Release|Any CPU
		{41636C7A-C212-4D14-BA7E-AE36C0A2301D}.Release|iPhoneSimulator.ActiveCfg = Release|Any CPU
		{41636C7A-C212-4D14-BA7E-AE36C0A2301D}.Release|iPhoneSimulator.Build.0 = Release|Any CPU
		{67F9D3A8-F71E-4428-913F-C37AE82CDB24}.Ad-Hoc|Any CPU.ActiveCfg = Release|Any CPU
		{67F9D3A8-F71E-4428-913F-C37AE82CDB24}.Ad-Hoc|Any CPU.Build.0 = Release|Any CPU
		{67F9D3A8-F71E-4428-913F-C37AE82CDB24}.Ad-Hoc|iPhone.ActiveCfg = Release|Any CPU
		{67F9D3A8-F71E-4428-913F-C37AE82CDB24}.Ad-Hoc|iPhone.Build.0 = Release|Any CPU
		{67F9D3A8-F71E-4428-913F-C37AE82CDB24}.Ad-Hoc|iPhoneSimulator.ActiveCfg = Release|Any CPU
		{67F9D3A8-F71E-4428-913F-C37AE82CDB24}.Ad-Hoc|iPhoneSimulator.Build.0 = Release|Any CPU
		{67F9D3A8-F71E-4428-913F-C37AE82CDB24}.AppStore|Any CPU.ActiveCfg = Release|Any CPU
		{67F9D3A8-F71E-4428-913F-C37AE82CDB24}.AppStore|Any CPU.Build.0 = Release|Any CPU
		{67F9D3A8-F71E-4428-913F-C37AE82CDB24}.AppStore|iPhone.ActiveCfg = Release|Any CPU
		{67F9D3A8-F71E-4428-913F-C37AE82CDB24}.AppStore|iPhone.Build.0 = Release|Any CPU
		{67F9D3A8-F71E-4428-913F-C37AE82CDB24}.AppStore|iPhoneSimulator.ActiveCfg = Release|Any CPU
		{67F9D3A8-F71E-4428-913F-C37AE82CDB24}.AppStore|iPhoneSimulator.Build.0 = Release|Any CPU
		{67F9D3A8-F71E-4428-913F-C37AE82CDB24}.Debug|Any CPU.ActiveCfg = Debug|Any CPU
		{67F9D3A8-F71E-4428-913F-C37AE82CDB24}.Debug|Any CPU.Build.0 = Debug|Any CPU
		{67F9D3A8-F71E-4428-913F-C37AE82CDB24}.Debug|iPhone.ActiveCfg = Debug|Any CPU
		{67F9D3A8-F71E-4428-913F-C37AE82CDB24}.Debug|iPhone.Build.0 = Debug|Any CPU
		{67F9D3A8-F71E-4428-913F-C37AE82CDB24}.Debug|iPhoneSimulator.ActiveCfg = Debug|Any CPU
		{67F9D3A8-F71E-4428-913F-C37AE82CDB24}.Debug|iPhoneSimulator.Build.0 = Debug|Any CPU
		{67F9D3A8-F71E-4428-913F-C37AE82CDB24}.Release|Any CPU.ActiveCfg = Release|Any CPU
		{67F9D3A8-F71E-4428-913F-C37AE82CDB24}.Release|Any CPU.Build.0 = Release|Any CPU
		{67F9D3A8-F71E-4428-913F-C37AE82CDB24}.Release|iPhone.ActiveCfg = Release|Any CPU
		{67F9D3A8-F71E-4428-913F-C37AE82CDB24}.Release|iPhone.Build.0 = Release|Any CPU
		{67F9D3A8-F71E-4428-913F-C37AE82CDB24}.Release|iPhoneSimulator.ActiveCfg = Release|Any CPU
		{67F9D3A8-F71E-4428-913F-C37AE82CDB24}.Release|iPhoneSimulator.Build.0 = Release|Any CPU
	EndGlobalSection
	GlobalSection(SolutionProperties) = preSolution
		HideSolutionNode = FALSE
	EndGlobalSection
EndGlobal
